<Solution>
  <Configurations>
    <Platform Name="Any CPU" />
    <Platform Name="x64" />
    <Platform Name="x86" />
  </Configurations>
  <Folder Name="/src/">
    <Project Path="src/ComplexityAnalysis.Analyzers/ComplexityAnalysis.Analyzers.csproj" />
  </Folder>
  <Folder Name="/performance/">
    <Project Path="performance/ComplexityAnalysis.Analyzers.Performance/ComplexityAnalysis.Analyzers.Performance.csproj" />
  </Folder>
  <Folder Name="/tests/">
    <Project Path="tests/ComplexityAnalysis.Analyzers.Tests/ComplexityAnalysis.Analyzers.Tests.csproj" />
  </Folder>
</Solution>
